
Microsoft Visual Studio Solution File, Format Version 12.00
# Visual Studio Version 17
VisualStudioVersion = 17.14.36221.1 d17.14
MinimumVisualStudioVersion = 10.0.40219.1
Project("{888888A0-9F3D-457C-B088-3A5042F75D52}") = "Assign_1", "Assign_1.pyproj", "{93106B06-4CB6-430A-B73F-65B64F95D2B0}"
EndProject
Global
	GlobalSection(SolutionConfigurationPlatforms) = preSolution
		Debug|Any CPU = Debug|Any CPU
		Release|Any CPU = Release|Any CPU
	EndGlobalSection
	GlobalSection(ProjectConfigurationPlatforms) = postSolution
		{93106B06-4CB6-430A-B73F-65B64F95D2B0}.Debug|Any CPU.ActiveCfg = Debug|Any CPU
		{93106B06-4CB6-430A-B73F-65B64F95D2B0}.Release|Any CPU.ActiveCfg = Release|Any CPU
	EndGlobalSection
	GlobalSection(SolutionProperties) = preSolution
		HideSolutionNode = FALSE
	EndGlobalSection
	GlobalSection(ExtensibilityGlobals) = postSolution
		SolutionGuid = {A05B4578-47EA-463D-9373-4EC299DBCB4B}
	EndGlobalSection
EndGlobal
