
Microsoft Visual Studio Solution File, Format Version 12.00
# Visual Studio Version 17
VisualStudioVersion = 17.14.36221.1 d17.14
MinimumVisualStudioVersion = 10.0.40219.1
Project("{888888A0-9F3D-457C-B088-3A5042F75D52}") = "Assig_2", "Assig_2.pyproj", "{59701524-5FDB-4A31-A5DE-D58D3E527840}"
EndProject
Global
	GlobalSection(SolutionConfigurationPlatforms) = preSolution
		Debug|Any CPU = Debug|Any CPU
		Release|Any CPU = Release|Any CPU
	EndGlobalSection
	GlobalSection(ProjectConfigurationPlatforms) = postSolution
		{59701524-5FDB-4A31-A5DE-D58D3E527840}.Debug|Any CPU.ActiveCfg = Debug|Any CPU
		{59701524-5FDB-4A31-A5DE-D58D3E527840}.Release|Any CPU.ActiveCfg = Release|Any CPU
	EndGlobalSection
	GlobalSection(SolutionProperties) = preSolution
		HideSolutionNode = FALSE
	EndGlobalSection
	GlobalSection(ExtensibilityGlobals) = postSolution
		SolutionGuid = {94E02A65-FC78-4DC7-820C-28CFD99DCB65}
	EndGlobalSection
EndGlobal
